{
	"name": "shikicode",
	"version": "0.0.0",
	"lockfileVersion": 3,
	"requires": true,
	"packages": {
		"": {
			"name": "shikicode",
			"version": "0.0.0",
			"license": "MIT",
			"devDependencies": {
				"@types/jest": "^29.5.13",
				"dprint": "^0.48.0",
				"oxlint": "^0.16.0",
				"shiki": "^1.22.0",
				"typescript": "^5.6.3"
			},
			"peerDependencies": {
				"shiki": "^1.2.0"
			}
		},
		"node_modules/@babel/code-frame": {
			"version": "7.24.2",
			"resolved": "https://registry.npmjs.org/@babel/code-frame/-/code-frame-7.24.2.tgz",
			"integrity": "sha512-y5+tLQyV8pg3fsiln67BVLD1P13Eg4lh5RW9mF0zUuvLrv9uIQ4MCL+CRT+FTsBlBjcIan6PGsLcBN0m3ClUyQ==",
			"dev": true,
			"dependencies": {
				"@babel/highlight": "^7.24.2",
				"picocolors": "^1.0.0"
			},
			"engines": {
				"node": ">=6.9.0"
			}
		},
		"node_modules/@babel/helper-validator-identifier": {
			"version": "7.22.20",
			"resolved": "https://registry.npmjs.org/@babel/helper-validator-identifier/-/helper-validator-identifier-7.22.20.tgz",
			"integrity": "sha512-Y4OZ+ytlatR8AI+8KZfKuL5urKp7qey08ha31L8b3BwewJAoJamTzyvxPR/5D+KkdJCGPq/+8TukHBlY10FX9A==",
			"dev": true,
			"engines": {
				"node": ">=6.9.0"
			}
		},
		"node_modules/@babel/highlight": {
			"version": "7.24.2",
			"resolved": "https://registry.npmjs.org/@babel/highlight/-/highlight-7.24.2.tgz",
			"integrity": "sha512-Yac1ao4flkTxTteCDZLEvdxg2fZfz1v8M4QpaGypq/WPDqg3ijHYbDfs+LG5hvzSoqaSZ9/Z9lKSP3CjZjv+pA==",
			"dev": true,
			"dependencies": {
				"@babel/helper-validator-identifier": "^7.22.20",
				"chalk": "^2.4.2",
				"js-tokens": "^4.0.0",
				"picocolors": "^1.0.0"
			},
			"engines": {
				"node": ">=6.9.0"
			}
		},
		"node_modules/@babel/highlight/node_modules/ansi-styles": {
			"version": "3.2.1",
			"resolved": "https://registry.npmjs.org/ansi-styles/-/ansi-styles-3.2.1.tgz",
			"integrity": "sha512-VT0ZI6kZRdTh8YyJw3SMbYm/u+NqfsAxEpWO0Pf9sq8/e94WxxOpPKx9FR1FlyCtOVDNOQ+8ntlqFxiRc+r5qA==",
			"dev": true,
			"dependencies": {
				"color-convert": "^1.9.0"
			},
			"engines": {
				"node": ">=4"
			}
		},
		"node_modules/@babel/highlight/node_modules/chalk": {
			"version": "2.4.2",
			"resolved": "https://registry.npmjs.org/chalk/-/chalk-2.4.2.tgz",
			"integrity": "sha512-Mti+f9lpJNcwF4tWV8/OrTTtF1gZi+f8FqlyAdouralcFWFQWF2+NgCHShjkCb+IFBLq9buZwE1xckQU4peSuQ==",
			"dev": true,
			"dependencies": {
				"ansi-styles": "^3.2.1",
				"escape-string-regexp": "^1.0.5",
				"supports-color": "^5.3.0"
			},
			"engines": {
				"node": ">=4"
			}
		},
		"node_modules/@babel/highlight/node_modules/color-convert": {
			"version": "1.9.3",
			"resolved": "https://registry.npmjs.org/color-convert/-/color-convert-1.9.3.tgz",
			"integrity": "sha512-QfAUtd+vFdAtFQcC8CCyYt1fYWxSqAiK2cSD6zDB8N3cpsEBAvRxp9zOGg6G/SHHJYAT88/az/IuDGALsNVbGg==",
			"dev": true,
			"dependencies": {
				"color-name": "1.1.3"
			}
		},
		"node_modules/@babel/highlight/node_modules/color-name": {
			"version": "1.1.3",
			"resolved": "https://registry.npmjs.org/color-name/-/color-name-1.1.3.tgz",
			"integrity": "sha512-72fSenhMw2HZMTVHeCA9KCmpEIbzWiQsjN+BHcBbS9vr1mtt+vJjPdksIBNUmKAW8TFUDPJK5SUU3QhE9NEXDw==",
			"dev": true
		},
		"node_modules/@babel/highlight/node_modules/escape-string-regexp": {
			"version": "1.0.5",
			"resolved": "https://registry.npmjs.org/escape-string-regexp/-/escape-string-regexp-1.0.5.tgz",
			"integrity": "sha512-vbRorB5FUQWvla16U8R/qgaFIya2qGzwDrNmCZuYKrbdSUMG6I1ZCGQRefkRVhuOkIGVne7BQ35DSfo1qvJqFg==",
			"dev": true,
			"engines": {
				"node": ">=0.8.0"
			}
		},
		"node_modules/@babel/highlight/node_modules/has-flag": {
			"version": "3.0.0",
			"resolved": "https://registry.npmjs.org/has-flag/-/has-flag-3.0.0.tgz",
			"integrity": "sha512-sKJf1+ceQBr4SMkvQnBDNDtf4TXpVhVGateu0t918bl30FnbE2m4vNLX+VWe/dpjlb+HugGYzW7uQXH98HPEYw==",
			"dev": true,
			"engines": {
				"node": ">=4"
			}
		},
		"node_modules/@babel/highlight/node_modules/supports-color": {
			"version": "5.5.0",
			"resolved": "https://registry.npmjs.org/supports-color/-/supports-color-5.5.0.tgz",
			"integrity": "sha512-QjVjwdXIt408MIiAqCX4oUKsgU2EqAGzs2Ppkm4aQYbjm+ZEWEcW4SfFNTr4uMNZma0ey4f5lgLrkB0aX0QMow==",
			"dev": true,
			"dependencies": {
				"has-flag": "^3.0.0"
			},
			"engines": {
				"node": ">=4"
			}
		},
		"node_modules/@dprint/darwin-arm64": {
			"version": "0.48.0",
			"resolved": "https://registry.npmjs.org/@dprint/darwin-arm64/-/darwin-arm64-0.48.0.tgz",
			"integrity": "sha512-LJ+02WB1PDIUqobfwxBVMz0cUByXsZ6izFTC9tHR+BDt+qWfoZpCn5r/zpAVSkVlA5LzGHKLVNJrwKwaTnAiVA==",
			"cpu": [
				"arm64"
			],
			"dev": true,
			"license": "MIT",
			"optional": true,
			"os": [
				"darwin"
			]
		},
		"node_modules/@dprint/darwin-x64": {
			"version": "0.48.0",
			"resolved": "https://registry.npmjs.org/@dprint/darwin-x64/-/darwin-x64-0.48.0.tgz",
			"integrity": "sha512-OxfLbitoNvFMVucauJ2DvEaJpnxyyhXWC2M56f2AX8lkZSsHrdMHtklqxHz3cBGVPpcCXjLPRC139ynwmqtjIA==",
			"cpu": [
				"x64"
			],
			"dev": true,
			"license": "MIT",
			"optional": true,
			"os": [
				"darwin"
			]
		},
		"node_modules/@dprint/linux-arm64-glibc": {
			"version": "0.48.0",
			"resolved": "https://registry.npmjs.org/@dprint/linux-arm64-glibc/-/linux-arm64-glibc-0.48.0.tgz",
			"integrity": "sha512-VMeyorjMXE9NrksmyOJ0zJRGxT7r7kDBBxshCxW+U1xgW+FqR8oE25RZaeDZZPDzUHapAly4ILZqjExLzAWVpw==",
			"cpu": [
				"arm64"
			],
			"dev": true,
			"license": "MIT",
			"optional": true,
			"os": [
				"linux"
			]
		},
		"node_modules/@dprint/linux-arm64-musl": {
			"version": "0.48.0",
			"resolved": "https://registry.npmjs.org/@dprint/linux-arm64-musl/-/linux-arm64-musl-0.48.0.tgz",
			"integrity": "sha512-1BUHQKEngrZv8F6wq2SVxdokyeUoHFXjz0xbYGwctlFPzXAVNLpDy9FROXsfIKmxZ0NsRqEpatETLmubtvWtcA==",
			"cpu": [
				"arm64"
			],
			"dev": true,
			"license": "MIT",
			"optional": true,
			"os": [
				"linux"
			]
		},
		"node_modules/@dprint/linux-riscv64-glibc": {
			"version": "0.48.0",
			"resolved": "https://registry.npmjs.org/@dprint/linux-riscv64-glibc/-/linux-riscv64-glibc-0.48.0.tgz",
			"integrity": "sha512-c8LktisPGbygyFf9wUg0trbAQDApawU017iPQXkZnGcV4QoCeGkFjnY8vltIKyy5DeP5gIp12KjlaT/wogMPkw==",
			"cpu": [
				"riscv64"
			],
			"dev": true,
			"license": "MIT",
			"optional": true,
			"os": [
				"linux"
			]
		},
		"node_modules/@dprint/linux-x64-glibc": {
			"version": "0.48.0",
			"resolved": "https://registry.npmjs.org/@dprint/linux-x64-glibc/-/linux-x64-glibc-0.48.0.tgz",
			"integrity": "sha512-Am8rp4FqmkO4aFdmwxk+82g2csxPLTPIlNq0Fa9AZReU15yta3Pq0Pg4AXFq+KSso5L4WGmt09ciCitK5gmdOg==",
			"cpu": [
				"x64"
			],
			"dev": true,
			"license": "MIT",
			"optional": true,
			"os": [
				"linux"
			]
		},
		"node_modules/@dprint/linux-x64-musl": {
			"version": "0.48.0",
			"resolved": "https://registry.npmjs.org/@dprint/linux-x64-musl/-/linux-x64-musl-0.48.0.tgz",
			"integrity": "sha512-0nzrZXOvblM/H4GVffNJ7YZn/Y4F/i+DNDZRT1hQmKuTQurB7a2MBJ91OpooLIWJoSn4q40crwM1Po4xnNXrdg==",
			"cpu": [
				"x64"
			],
			"dev": true,
			"license": "MIT",
			"optional": true,
			"os": [
				"linux"
			]
		},
		"node_modules/@dprint/win32-arm64": {
			"version": "0.48.0",
			"resolved": "https://registry.npmjs.org/@dprint/win32-arm64/-/win32-arm64-0.48.0.tgz",
			"integrity": "sha512-bRcGLbhKEXmP7iXDir/vU6DqkA3XaMqBM6P2ACCJMHd+XKWsz3VJzZMn5hFWZ+oZpxUsS3Mg2RcgH5xVjaawgA==",
			"cpu": [
				"arm64"
			],
			"dev": true,
			"license": "MIT",
			"optional": true,
			"os": [
				"win32"
			]
		},
		"node_modules/@dprint/win32-x64": {
			"version": "0.48.0",
			"resolved": "https://registry.npmjs.org/@dprint/win32-x64/-/win32-x64-0.48.0.tgz",
			"integrity": "sha512-9JOKWWngo5vPBFxJgFogAS4rfFC2GaB9Yew6JZbRBUik7j5Num2muuw5p1tMYnl2NUBdS2W4EgsSLM3uUDyhBQ==",
			"cpu": [
				"x64"
			],
			"dev": true,
			"license": "MIT",
			"optional": true,
			"os": [
				"win32"
			]
		},
		"node_modules/@jest/expect-utils": {
			"version": "29.7.0",
			"resolved": "https://registry.npmjs.org/@jest/expect-utils/-/expect-utils-29.7.0.tgz",
			"integrity": "sha512-GlsNBWiFQFCVi9QVSx7f5AgMeLxe9YCCs5PuP2O2LdjDAA8Jh9eX7lA1Jq/xdXw3Wb3hyvlFNfZIfcRetSzYcA==",
			"dev": true,
			"dependencies": {
				"jest-get-type": "^29.6.3"
			},
			"engines": {
				"node": "^14.15.0 || ^16.10.0 || >=18.0.0"
			}
		},
		"node_modules/@jest/schemas": {
			"version": "29.6.3",
			"resolved": "https://registry.npmjs.org/@jest/schemas/-/schemas-29.6.3.tgz",
			"integrity": "sha512-mo5j5X+jIZmJQveBKeS/clAueipV7KgiX1vMgCxam1RNYiqE1w62n0/tJJnHtjW8ZHcQco5gY85jA3mi0L+nSA==",
			"dev": true,
			"dependencies": {
				"@sinclair/typebox": "^0.27.8"
			},
			"engines": {
				"node": "^14.15.0 || ^16.10.0 || >=18.0.0"
			}
		},
		"node_modules/@jest/types": {
			"version": "29.6.3",
			"resolved": "https://registry.npmjs.org/@jest/types/-/types-29.6.3.tgz",
			"integrity": "sha512-u3UPsIilWKOM3F9CXtrG8LEJmNxwoCQC/XVj4IKYXvvpx7QIi/Kg1LI5uDmDpKlac62NUtX7eLjRh+jVZcLOzw==",
			"dev": true,
			"dependencies": {
				"@jest/schemas": "^29.6.3",
				"@types/istanbul-lib-coverage": "^2.0.0",
				"@types/istanbul-reports": "^3.0.0",
				"@types/node": "*",
				"@types/yargs": "^17.0.8",
				"chalk": "^4.0.0"
			},
			"engines": {
				"node": "^14.15.0 || ^16.10.0 || >=18.0.0"
			}
		},
		"node_modules/@oxlint/darwin-arm64": {
			"version": "0.16.0",
			"resolved": "https://registry.npmjs.org/@oxlint/darwin-arm64/-/darwin-arm64-0.16.0.tgz",
			"integrity": "sha512-t4v+WxVuU+cQNZuDDZ+I9p6FTuSrQpTs787UspcB3j3E50lw6+aDWiLx/Snvkn5C214B8hp+z8lnwYkgWoFqiw==",
			"cpu": [
				"arm64"
			],
			"dev": true,
			"license": "MIT",
			"optional": true,
			"os": [
				"darwin"
			]
		},
		"node_modules/@oxlint/darwin-x64": {
			"version": "0.16.0",
			"resolved": "https://registry.npmjs.org/@oxlint/darwin-x64/-/darwin-x64-0.16.0.tgz",
			"integrity": "sha512-CbV7VHpO7OpBXgBZRaNMOgVlnZ29gocjaFbrbEv/23XqeeDLQP3++O7i1Q7SEmeaELxM6NYW1u9+OcvX3uudwQ==",
			"cpu": [
				"x64"
			],
			"dev": true,
			"license": "MIT",
			"optional": true,
			"os": [
				"darwin"
			]
		},
		"node_modules/@oxlint/linux-arm64-gnu": {
			"version": "0.16.0",
			"resolved": "https://registry.npmjs.org/@oxlint/linux-arm64-gnu/-/linux-arm64-gnu-0.16.0.tgz",
			"integrity": "sha512-wwwTsSk62vFAYYsj4Et/leb9VndZwZBf1R6Nta1yWhljkSVq1GBKJ9SeU3it833QEJuFth2A2L5xdfiGkZZIYg==",
			"cpu": [
				"arm64"
			],
			"dev": true,
			"license": "MIT",
			"optional": true,
			"os": [
				"linux"
			]
		},
		"node_modules/@oxlint/linux-arm64-musl": {
			"version": "0.16.0",
			"resolved": "https://registry.npmjs.org/@oxlint/linux-arm64-musl/-/linux-arm64-musl-0.16.0.tgz",
			"integrity": "sha512-YW7g8hG/XJ+g2RgDvhjY/GUaq/p8xIldsQD9AZkFJAaBsmN3tTi1VUS2orhxBi7feXE7FhP85LqQk+WJxarUSw==",
			"cpu": [
				"arm64"
			],
			"dev": true,
			"license": "MIT",
			"optional": true,
			"os": [
				"linux"
			]
		},
		"node_modules/@oxlint/linux-x64-gnu": {
			"version": "0.16.0",
			"resolved": "https://registry.npmjs.org/@oxlint/linux-x64-gnu/-/linux-x64-gnu-0.16.0.tgz",
			"integrity": "sha512-QY8W3724Fv9W5Mh42/EdV5j4qfwFnV1rouLzvWgUz/g51nROt/6rMbv65ssJo2yBUHHj5KGMfmC97VJZAF9TKA==",
			"cpu": [
				"x64"
			],
			"dev": true,
			"license": "MIT",
			"optional": true,
			"os": [
				"linux"
			]
		},
		"node_modules/@oxlint/linux-x64-musl": {
			"version": "0.16.0",
			"resolved": "https://registry.npmjs.org/@oxlint/linux-x64-musl/-/linux-x64-musl-0.16.0.tgz",
			"integrity": "sha512-adH6bJipJL/WjaMAc8JNevTgU7IpY5nh8a8tM/DAZdUyt7e/zd+vDw+o3NCBGcCWKu3VcY+XsMZK2NMqnyzeig==",
			"cpu": [
				"x64"
			],
			"dev": true,
			"license": "MIT",
			"optional": true,
			"os": [
				"linux"
			]
		},
		"node_modules/@oxlint/win32-arm64": {
			"version": "0.16.0",
			"resolved": "https://registry.npmjs.org/@oxlint/win32-arm64/-/win32-arm64-0.16.0.tgz",
			"integrity": "sha512-0GPNs354IHKdbvqsdjf1YGqaKbFWcT/ngly9+oAUSsDC5/Rg4sZj4glZCVDhZUFMQ1kyClAYxX+vbKbTW/cOmQ==",
			"cpu": [
				"arm64"
			],
			"dev": true,
			"license": "MIT",
			"optional": true,
			"os": [
				"win32"
			]
		},
		"node_modules/@oxlint/win32-x64": {
			"version": "0.16.0",
			"resolved": "https://registry.npmjs.org/@oxlint/win32-x64/-/win32-x64-0.16.0.tgz",
			"integrity": "sha512-0Lb599lav9THJRiUYkNugueq98VliinY92yzv5u2NDiIsq5aqqHIjmpJ8L051zCEhyzcbw8KBRV3FofqnroJTA==",
			"cpu": [
				"x64"
			],
			"dev": true,
			"license": "MIT",
			"optional": true,
			"os": [
				"win32"
			]
		},
		"node_modules/@shikijs/core": {
			"version": "1.24.4",
			"resolved": "https://registry.npmjs.org/@shikijs/core/-/core-1.24.4.tgz",
			"integrity": "sha512-jjLsld+xEEGYlxAXDyGwWsKJ1sw5Pc1pnp4ai2ORpjx2UX08YYTC0NNqQYO1PaghYaR+PvgMOGuvzw2he9sk0Q==",
			"dev": true,
			"license": "MIT",
			"dependencies": {
				"@shikijs/engine-javascript": "1.24.4",
				"@shikijs/engine-oniguruma": "1.24.4",
				"@shikijs/types": "1.24.4",
				"@shikijs/vscode-textmate": "^9.3.1",
				"@types/hast": "^3.0.4",
				"hast-util-to-html": "^9.0.4"
			}
		},
		"node_modules/@shikijs/engine-javascript": {
			"version": "1.24.4",
			"resolved": "https://registry.npmjs.org/@shikijs/engine-javascript/-/engine-javascript-1.24.4.tgz",
			"integrity": "sha512-TClaQOLvo9WEMJv6GoUsykQ6QdynuKszuORFWCke8qvi6PeLm7FcD9+7y45UenysxEWYpDL5KJaVXTngTE+2BA==",
			"dev": true,
			"license": "MIT",
			"dependencies": {
				"@shikijs/types": "1.24.4",
				"@shikijs/vscode-textmate": "^9.3.1",
				"oniguruma-to-es": "0.8.1"
			}
		},
		"node_modules/@shikijs/engine-oniguruma": {
			"version": "1.24.4",
			"resolved": "https://registry.npmjs.org/@shikijs/engine-oniguruma/-/engine-oniguruma-1.24.4.tgz",
			"integrity": "sha512-Do2ry6flp2HWdvpj2XOwwa0ljZBRy15HKZITzPcNIBOGSeprnA8gOooA/bLsSPuy8aJBa+Q/r34dMmC3KNL/zw==",
			"dev": true,
			"license": "MIT",
			"dependencies": {
				"@shikijs/types": "1.24.4",
				"@shikijs/vscode-textmate": "^9.3.1"
			}
		},
		"node_modules/@shikijs/types": {
			"version": "1.24.4",
			"resolved": "https://registry.npmjs.org/@shikijs/types/-/types-1.24.4.tgz",
			"integrity": "sha512-0r0XU7Eaow0PuDxuWC1bVqmWCgm3XqizIaT7SM42K03vc69LGooT0U8ccSR44xP/hGlNx4FKhtYpV+BU6aaKAA==",
			"dev": true,
			"license": "MIT",
			"dependencies": {
				"@shikijs/vscode-textmate": "^9.3.1",
				"@types/hast": "^3.0.4"
			}
		},
		"node_modules/@shikijs/vscode-textmate": {
			"version": "9.3.1",
			"resolved": "https://registry.npmjs.org/@shikijs/vscode-textmate/-/vscode-textmate-9.3.1.tgz",
			"integrity": "sha512-79QfK1393x9Ho60QFyLti+QfdJzRQCVLFb97kOIV7Eo9vQU/roINgk7m24uv0a7AUvN//RDH36FLjjK48v0s9g==",
			"dev": true,
			"license": "MIT"
		},
		"node_modules/@sinclair/typebox": {
			"version": "0.27.8",
			"resolved": "https://registry.npmjs.org/@sinclair/typebox/-/typebox-0.27.8.tgz",
			"integrity": "sha512-+Fj43pSMwJs4KRrH/938Uf+uAELIgVBmQzg/q1YG10djyfA3TnrU8N8XzqCh/okZdszqBQTZf96idMfE5lnwTA==",
			"dev": true
		},
		"node_modules/@types/hast": {
			"version": "3.0.4",
			"resolved": "https://registry.npmjs.org/@types/hast/-/hast-3.0.4.tgz",
			"integrity": "sha512-WPs+bbQw5aCj+x6laNGWLH3wviHtoCv/P3+otBhbOhJgG8qtpdAMlTCxLtsTWA7LH1Oh/bFCHsBn0TPS5m30EQ==",
			"dev": true,
			"license": "MIT",
			"dependencies": {
				"@types/unist": "*"
			}
		},
		"node_modules/@types/istanbul-lib-coverage": {
			"version": "2.0.6",
			"resolved": "https://registry.npmjs.org/@types/istanbul-lib-coverage/-/istanbul-lib-coverage-2.0.6.tgz",
			"integrity": "sha512-2QF/t/auWm0lsy8XtKVPG19v3sSOQlJe/YHZgfjb/KBBHOGSV+J2q/S671rcq9uTBrLAXmZpqJiaQbMT+zNU1w==",
			"dev": true
		},
		"node_modules/@types/istanbul-lib-report": {
			"version": "3.0.3",
			"resolved": "https://registry.npmjs.org/@types/istanbul-lib-report/-/istanbul-lib-report-3.0.3.tgz",
			"integrity": "sha512-NQn7AHQnk/RSLOxrBbGyJM/aVQ+pjj5HCgasFxc0K/KhoATfQ/47AyUl15I2yBUpihjmas+a+VJBOqecrFH+uA==",
			"dev": true,
			"dependencies": {
				"@types/istanbul-lib-coverage": "*"
			}
		},
		"node_modules/@types/istanbul-reports": {
			"version": "3.0.4",
			"resolved": "https://registry.npmjs.org/@types/istanbul-reports/-/istanbul-reports-3.0.4.tgz",
			"integrity": "sha512-pk2B1NWalF9toCRu6gjBzR69syFjP4Od8WRAX+0mmf9lAjCRicLOWc+ZrxZHx/0XRjotgkF9t6iaMJ+aXcOdZQ==",
			"dev": true,
			"dependencies": {
				"@types/istanbul-lib-report": "*"
			}
		},
		"node_modules/@types/jest": {
			"version": "29.5.14",
			"resolved": "https://registry.npmjs.org/@types/jest/-/jest-29.5.14.tgz",
			"integrity": "sha512-ZN+4sdnLUbo8EVvVc2ao0GFW6oVrQRPn4K2lglySj7APvSrgzxHiNNK99us4WDMi57xxA2yggblIAMNhXOotLQ==",
			"dev": true,
			"license": "MIT",
			"dependencies": {
				"expect": "^29.0.0",
				"pretty-format": "^29.0.0"
			}
		},
		"node_modules/@types/mdast": {
			"version": "4.0.4",
			"resolved": "https://registry.npmjs.org/@types/mdast/-/mdast-4.0.4.tgz",
			"integrity": "sha512-kGaNbPh1k7AFzgpud/gMdvIm5xuECykRR+JnWKQno9TAXVa6WIVCGTPvYGekIDL4uwCZQSYbUxNBSb1aUo79oA==",
			"dev": true,
			"license": "MIT",
			"dependencies": {
				"@types/unist": "*"
			}
		},
		"node_modules/@types/node": {
			"version": "20.11.30",
			"resolved": "https://registry.npmjs.org/@types/node/-/node-20.11.30.tgz",
			"integrity": "sha512-dHM6ZxwlmuZaRmUPfv1p+KrdD1Dci04FbdEm/9wEMouFqxYoFl5aMkt0VMAUtYRQDyYvD41WJLukhq/ha3YuTw==",
			"dev": true,
			"dependencies": {
				"undici-types": "~5.26.4"
			}
		},
		"node_modules/@types/stack-utils": {
			"version": "2.0.3",
			"resolved": "https://registry.npmjs.org/@types/stack-utils/-/stack-utils-2.0.3.tgz",
			"integrity": "sha512-9aEbYZ3TbYMznPdcdr3SmIrLXwC/AKZXQeCf9Pgao5CKb8CyHuEX5jzWPTkvregvhRJHcpRO6BFoGW9ycaOkYw==",
			"dev": true
		},
		"node_modules/@types/unist": {
			"version": "3.0.3",
			"resolved": "https://registry.npmjs.org/@types/unist/-/unist-3.0.3.tgz",
			"integrity": "sha512-ko/gIFJRv177XgZsZcBwnqJN5x/Gien8qNOn0D5bQU/zAzVf9Zt3BlcUiLqhV9y4ARk0GbT3tnUiPNgnTXzc/Q==",
			"dev": true,
			"license": "MIT"
		},
		"node_modules/@types/yargs": {
			"version": "17.0.32",
			"resolved": "https://registry.npmjs.org/@types/yargs/-/yargs-17.0.32.tgz",
			"integrity": "sha512-xQ67Yc/laOG5uMfX/093MRlGGCIBzZMarVa+gfNKJxWAIgykYpVGkBdbqEzGDDfCrVUj6Hiff4mTZ5BA6TmAog==",
			"dev": true,
			"dependencies": {
				"@types/yargs-parser": "*"
			}
		},
		"node_modules/@types/yargs-parser": {
			"version": "21.0.3",
			"resolved": "https://registry.npmjs.org/@types/yargs-parser/-/yargs-parser-21.0.3.tgz",
			"integrity": "sha512-I4q9QU9MQv4oEOz4tAHJtNz1cwuLxn2F3xcc2iV5WdqLPpUnj30aUuxt1mAxYTG+oe8CZMV/+6rU4S4gRDzqtQ==",
			"dev": true
		},
		"node_modules/@ungap/structured-clone": {
			"version": "1.2.1",
			"resolved": "https://registry.npmjs.org/@ungap/structured-clone/-/structured-clone-1.2.1.tgz",
			"integrity": "sha512-fEzPV3hSkSMltkw152tJKNARhOupqbH96MZWyRjNaYZOMIzbrTeQDG+MTc6Mr2pgzFQzFxAfmhGDNP5QK++2ZA==",
			"dev": true,
			"license": "ISC"
		},
		"node_modules/ansi-styles": {
			"version": "4.3.0",
			"resolved": "https://registry.npmjs.org/ansi-styles/-/ansi-styles-4.3.0.tgz",
			"integrity": "sha512-zbB9rCJAT1rbjiVDb2hqKFHNYLxgtk8NURxZ3IZwD3F6NtxbXZQCnnSi1Lkx+IDohdPlFp222wVALIheZJQSEg==",
			"dev": true,
			"dependencies": {
				"color-convert": "^2.0.1"
			},
			"engines": {
				"node": ">=8"
			},
			"funding": {
				"url": "https://github.com/chalk/ansi-styles?sponsor=1"
			}
		},
		"node_modules/braces": {
			"version": "3.0.3",
			"resolved": "https://registry.npmjs.org/braces/-/braces-3.0.3.tgz",
			"integrity": "sha512-yQbXgO/OSZVD2IsiLlro+7Hf6Q18EJrKSEsdoMzKePKXct3gvD8oLcOQdIzGupr5Fj+EDe8gO/lxc1BzfMpxvA==",
			"dev": true,
			"dependencies": {
				"fill-range": "^7.1.1"
			},
			"engines": {
				"node": ">=8"
			}
		},
		"node_modules/ccount": {
			"version": "2.0.1",
			"resolved": "https://registry.npmjs.org/ccount/-/ccount-2.0.1.tgz",
			"integrity": "sha512-eyrF0jiFpY+3drT6383f1qhkbGsLSifNAjA61IUjZjmLCWjItY6LB9ft9YhoDgwfmclB2zhu51Lc7+95b8NRAg==",
			"dev": true,
			"license": "MIT",
			"funding": {
				"type": "github",
				"url": "https://github.com/sponsors/wooorm"
			}
		},
		"node_modules/chalk": {
			"version": "4.1.2",
			"resolved": "https://registry.npmjs.org/chalk/-/chalk-4.1.2.tgz",
			"integrity": "sha512-oKnbhFyRIXpUuez8iBMmyEa4nbj4IOQyuhc/wy9kY7/WVPcwIO9VA668Pu8RkO7+0G76SLROeyw9CpQ061i4mA==",
			"dev": true,
			"dependencies": {
				"ansi-styles": "^4.1.0",
				"supports-color": "^7.1.0"
			},
			"engines": {
				"node": ">=10"
			},
			"funding": {
				"url": "https://github.com/chalk/chalk?sponsor=1"
			}
		},
		"node_modules/character-entities-html4": {
			"version": "2.1.0",
			"resolved": "https://registry.npmjs.org/character-entities-html4/-/character-entities-html4-2.1.0.tgz",
			"integrity": "sha512-1v7fgQRj6hnSwFpq1Eu0ynr/CDEw0rXo2B61qXrLNdHZmPKgb7fqS1a2JwF0rISo9q77jDI8VMEHoApn8qDoZA==",
			"dev": true,
			"license": "MIT",
			"funding": {
				"type": "github",
				"url": "https://github.com/sponsors/wooorm"
			}
		},
		"node_modules/character-entities-legacy": {
			"version": "3.0.0",
			"resolved": "https://registry.npmjs.org/character-entities-legacy/-/character-entities-legacy-3.0.0.tgz",
			"integrity": "sha512-RpPp0asT/6ufRm//AJVwpViZbGM/MkjQFxJccQRHmISF/22NBtsHqAWmL+/pmkPWoIUJdWyeVleTl1wydHATVQ==",
			"dev": true,
			"license": "MIT",
			"funding": {
				"type": "github",
				"url": "https://github.com/sponsors/wooorm"
			}
		},
		"node_modules/ci-info": {
			"version": "3.9.0",
			"resolved": "https://registry.npmjs.org/ci-info/-/ci-info-3.9.0.tgz",
			"integrity": "sha512-NIxF55hv4nSqQswkAeiOi1r83xy8JldOFDTWiug55KBu9Jnblncd2U6ViHmYgHf01TPZS77NJBhBMKdWj9HQMQ==",
			"dev": true,
			"funding": [
				{
					"type": "github",
					"url": "https://github.com/sponsors/sibiraj-s"
				}
			],
			"engines": {
				"node": ">=8"
			}
		},
		"node_modules/color-convert": {
			"version": "2.0.1",
			"resolved": "https://registry.npmjs.org/color-convert/-/color-convert-2.0.1.tgz",
			"integrity": "sha512-RRECPsj7iu/xb5oKYcsFHSppFNnsj/52OVTRKb4zP5onXwVF3zVmmToNcOfGC+CRDpfK/U584fMg38ZHCaElKQ==",
			"dev": true,
			"dependencies": {
				"color-name": "~1.1.4"
			},
			"engines": {
				"node": ">=7.0.0"
			}
		},
		"node_modules/color-name": {
			"version": "1.1.4",
			"resolved": "https://registry.npmjs.org/color-name/-/color-name-1.1.4.tgz",
			"integrity": "sha512-dOy+3AuW3a2wNbZHIuMZpTcgjGuLU/uBL/ubcZF9OXbDo8ff4O8yVp5Bf0efS8uEoYo5q4Fx7dY9OgQGXgAsQA==",
			"dev": true
		},
		"node_modules/comma-separated-tokens": {
			"version": "2.0.3",
			"resolved": "https://registry.npmjs.org/comma-separated-tokens/-/comma-separated-tokens-2.0.3.tgz",
			"integrity": "sha512-Fu4hJdvzeylCfQPp9SGWidpzrMs7tTrlu6Vb8XGaRGck8QSNZJJp538Wrb60Lax4fPwR64ViY468OIUTbRlGZg==",
			"dev": true,
			"license": "MIT",
			"funding": {
				"type": "github",
				"url": "https://github.com/sponsors/wooorm"
			}
		},
		"node_modules/dequal": {
			"version": "2.0.3",
			"resolved": "https://registry.npmjs.org/dequal/-/dequal-2.0.3.tgz",
			"integrity": "sha512-0je+qPKHEMohvfRTCEo3CrPG6cAzAYgmzKyxRiYSSDkS6eGJdyVJm7WaYA5ECaAD9wLB2T4EEeymA5aFVcYXCA==",
			"dev": true,
			"license": "MIT",
			"engines": {
				"node": ">=6"
			}
		},
		"node_modules/devlop": {
			"version": "1.1.0",
			"resolved": "https://registry.npmjs.org/devlop/-/devlop-1.1.0.tgz",
			"integrity": "sha512-RWmIqhcFf1lRYBvNmr7qTNuyCt/7/ns2jbpp1+PalgE/rDQcBT0fioSMUpJ93irlUhC5hrg4cYqe6U+0ImW0rA==",
			"dev": true,
			"license": "MIT",
			"dependencies": {
				"dequal": "^2.0.0"
			},
			"funding": {
				"type": "github",
				"url": "https://github.com/sponsors/wooorm"
			}
		},
		"node_modules/diff-sequences": {
			"version": "29.6.3",
			"resolved": "https://registry.npmjs.org/diff-sequences/-/diff-sequences-29.6.3.tgz",
			"integrity": "sha512-EjePK1srD3P08o2j4f0ExnylqRs5B9tJjcp9t1krH2qRi8CCdsYfwe9JgSLurFBWwq4uOlipzfk5fHNvwFKr8Q==",
			"dev": true,
			"engines": {
				"node": "^14.15.0 || ^16.10.0 || >=18.0.0"
			}
		},
		"node_modules/dprint": {
			"version": "0.48.0",
			"resolved": "https://registry.npmjs.org/dprint/-/dprint-0.48.0.tgz",
			"integrity": "sha512-dmCrYTiubcsQklTLUimlO+p8wWgMtZBjpPVsOGiw4kPX7Dn41vwyE1R4qA8Px4xHgQtcX7WP9mJujF4C8vISIw==",
			"dev": true,
			"hasInstallScript": true,
			"license": "MIT",
			"bin": {
				"dprint": "bin.js"
			},
			"optionalDependencies": {
				"@dprint/darwin-arm64": "0.48.0",
				"@dprint/darwin-x64": "0.48.0",
				"@dprint/linux-arm64-glibc": "0.48.0",
				"@dprint/linux-arm64-musl": "0.48.0",
				"@dprint/linux-riscv64-glibc": "0.48.0",
				"@dprint/linux-x64-glibc": "0.48.0",
				"@dprint/linux-x64-musl": "0.48.0",
				"@dprint/win32-arm64": "0.48.0",
				"@dprint/win32-x64": "0.48.0"
			}
		},
		"node_modules/emoji-regex-xs": {
			"version": "1.0.0",
			"resolved": "https://registry.npmjs.org/emoji-regex-xs/-/emoji-regex-xs-1.0.0.tgz",
			"integrity": "sha512-LRlerrMYoIDrT6jgpeZ2YYl/L8EulRTt5hQcYjy5AInh7HWXKimpqx68aknBFpGL2+/IcogTcaydJEgaTmOpDg==",
			"dev": true,
			"license": "MIT"
		},
		"node_modules/escape-string-regexp": {
			"version": "2.0.0",
			"resolved": "https://registry.npmjs.org/escape-string-regexp/-/escape-string-regexp-2.0.0.tgz",
			"integrity": "sha512-UpzcLCXolUWcNu5HtVMHYdXJjArjsF9C0aNnquZYY4uW/Vu0miy5YoWvbV345HauVvcAUnpRuhMMcqTcGOY2+w==",
			"dev": true,
			"engines": {
				"node": ">=8"
			}
		},
		"node_modules/expect": {
			"version": "29.7.0",
			"resolved": "https://registry.npmjs.org/expect/-/expect-29.7.0.tgz",
			"integrity": "sha512-2Zks0hf1VLFYI1kbh0I5jP3KHHyCHpkfyHBzsSXRFgl/Bg9mWYfMW8oD+PdMPlEwy5HNsR9JutYy6pMeOh61nw==",
			"dev": true,
			"dependencies": {
				"@jest/expect-utils": "^29.7.0",
				"jest-get-type": "^29.6.3",
				"jest-matcher-utils": "^29.7.0",
				"jest-message-util": "^29.7.0",
				"jest-util": "^29.7.0"
			},
			"engines": {
				"node": "^14.15.0 || ^16.10.0 || >=18.0.0"
			}
		},
		"node_modules/fill-range": {
			"version": "7.1.1",
			"resolved": "https://registry.npmjs.org/fill-range/-/fill-range-7.1.1.tgz",
			"integrity": "sha512-YsGpe3WHLK8ZYi4tWDg2Jy3ebRz2rXowDxnld4bkQB00cc/1Zw9AWnC0i9ztDJitivtQvaI9KaLyKrc+hBW0yg==",
			"dev": true,
			"dependencies": {
				"to-regex-range": "^5.0.1"
			},
			"engines": {
				"node": ">=8"
			}
		},
		"node_modules/graceful-fs": {
			"version": "4.2.11",
			"resolved": "https://registry.npmjs.org/graceful-fs/-/graceful-fs-4.2.11.tgz",
			"integrity": "sha512-RbJ5/jmFcNNCcDV5o9eTnBLJ/HszWV0P73bc+Ff4nS/rJj+YaS6IGyiOL0VoBYX+l1Wrl3k63h/KrH+nhJ0XvQ==",
			"dev": true
		},
		"node_modules/has-flag": {
			"version": "4.0.0",
			"resolved": "https://registry.npmjs.org/has-flag/-/has-flag-4.0.0.tgz",
			"integrity": "sha512-EykJT/Q1KjTWctppgIAgfSO0tKVuZUjhgMr17kqTumMl6Afv3EISleU7qZUzoXDFTAHTDC4NOoG/ZxU3EvlMPQ==",
			"dev": true,
			"engines": {
				"node": ">=8"
			}
		},
		"node_modules/hast-util-to-html": {
			"version": "9.0.4",
			"resolved": "https://registry.npmjs.org/hast-util-to-html/-/hast-util-to-html-9.0.4.tgz",
			"integrity": "sha512-wxQzXtdbhiwGAUKrnQJXlOPmHnEehzphwkK7aluUPQ+lEc1xefC8pblMgpp2w5ldBTEfveRIrADcrhGIWrlTDA==",
			"dev": true,
			"license": "MIT",
			"dependencies": {
				"@types/hast": "^3.0.0",
				"@types/unist": "^3.0.0",
				"ccount": "^2.0.0",
				"comma-separated-tokens": "^2.0.0",
				"hast-util-whitespace": "^3.0.0",
				"html-void-elements": "^3.0.0",
				"mdast-util-to-hast": "^13.0.0",
				"property-information": "^6.0.0",
				"space-separated-tokens": "^2.0.0",
				"stringify-entities": "^4.0.0",
				"zwitch": "^2.0.4"
			},
			"funding": {
				"type": "opencollective",
				"url": "https://opencollective.com/unified"
			}
		},
		"node_modules/hast-util-whitespace": {
			"version": "3.0.0",
			"resolved": "https://registry.npmjs.org/hast-util-whitespace/-/hast-util-whitespace-3.0.0.tgz",
			"integrity": "sha512-88JUN06ipLwsnv+dVn+OIYOvAuvBMy/Qoi6O7mQHxdPXpjy+Cd6xRkWwux7DKO+4sYILtLBRIKgsdpS2gQc7qw==",
			"dev": true,
			"license": "MIT",
			"dependencies": {
				"@types/hast": "^3.0.0"
			},
			"funding": {
				"type": "opencollective",
				"url": "https://opencollective.com/unified"
			}
		},
		"node_modules/html-void-elements": {
			"version": "3.0.0",
			"resolved": "https://registry.npmjs.org/html-void-elements/-/html-void-elements-3.0.0.tgz",
			"integrity": "sha512-bEqo66MRXsUGxWHV5IP0PUiAWwoEjba4VCzg0LjFJBpchPaTfyfCKTG6bc5F8ucKec3q5y6qOdGyYTSBEvhCrg==",
			"dev": true,
			"license": "MIT",
			"funding": {
				"type": "github",
				"url": "https://github.com/sponsors/wooorm"
			}
		},
		"node_modules/is-number": {
			"version": "7.0.0",
			"resolved": "https://registry.npmjs.org/is-number/-/is-number-7.0.0.tgz",
			"integrity": "sha512-41Cifkg6e8TylSpdtTpeLVMqvSBEVzTttHvERD741+pnZ8ANv0004MRL43QKPDlK9cGvNp6NZWZUBlbGXYxxng==",
			"dev": true,
			"engines": {
				"node": ">=0.12.0"
			}
		},
		"node_modules/jest-diff": {
			"version": "29.7.0",
			"resolved": "https://registry.npmjs.org/jest-diff/-/jest-diff-29.7.0.tgz",
			"integrity": "sha512-LMIgiIrhigmPrs03JHpxUh2yISK3vLFPkAodPeo0+BuF7wA2FoQbkEg1u8gBYBThncu7e1oEDUfIXVuTqLRUjw==",
			"dev": true,
			"dependencies": {
				"chalk": "^4.0.0",
				"diff-sequences": "^29.6.3",
				"jest-get-type": "^29.6.3",
				"pretty-format": "^29.7.0"
			},
			"engines": {
				"node": "^14.15.0 || ^16.10.0 || >=18.0.0"
			}
		},
		"node_modules/jest-get-type": {
			"version": "29.6.3",
			"resolved": "https://registry.npmjs.org/jest-get-type/-/jest-get-type-29.6.3.tgz",
			"integrity": "sha512-zrteXnqYxfQh7l5FHyL38jL39di8H8rHoecLH3JNxH3BwOrBsNeabdap5e0I23lD4HHI8W5VFBZqG4Eaq5LNcw==",
			"dev": true,
			"engines": {
				"node": "^14.15.0 || ^16.10.0 || >=18.0.0"
			}
		},
		"node_modules/jest-matcher-utils": {
			"version": "29.7.0",
			"resolved": "https://registry.npmjs.org/jest-matcher-utils/-/jest-matcher-utils-29.7.0.tgz",
			"integrity": "sha512-sBkD+Xi9DtcChsI3L3u0+N0opgPYnCRPtGcQYrgXmR+hmt/fYfWAL0xRXYU8eWOdfuLgBe0YCW3AFtnRLagq/g==",
			"dev": true,
			"dependencies": {
				"chalk": "^4.0.0",
				"jest-diff": "^29.7.0",
				"jest-get-type": "^29.6.3",
				"pretty-format": "^29.7.0"
			},
			"engines": {
				"node": "^14.15.0 || ^16.10.0 || >=18.0.0"
			}
		},
		"node_modules/jest-message-util": {
			"version": "29.7.0",
			"resolved": "https://registry.npmjs.org/jest-message-util/-/jest-message-util-29.7.0.tgz",
			"integrity": "sha512-GBEV4GRADeP+qtB2+6u61stea8mGcOT4mCtrYISZwfu9/ISHFJ/5zOMXYbpBE9RsS5+Gb63DW4FgmnKJ79Kf6w==",
			"dev": true,
			"dependencies": {
				"@babel/code-frame": "^7.12.13",
				"@jest/types": "^29.6.3",
				"@types/stack-utils": "^2.0.0",
				"chalk": "^4.0.0",
				"graceful-fs": "^4.2.9",
				"micromatch": "^4.0.4",
				"pretty-format": "^29.7.0",
				"slash": "^3.0.0",
				"stack-utils": "^2.0.3"
			},
			"engines": {
				"node": "^14.15.0 || ^16.10.0 || >=18.0.0"
			}
		},
		"node_modules/jest-util": {
			"version": "29.7.0",
			"resolved": "https://registry.npmjs.org/jest-util/-/jest-util-29.7.0.tgz",
			"integrity": "sha512-z6EbKajIpqGKU56y5KBUgy1dt1ihhQJgWzUlZHArA/+X2ad7Cb5iF+AK1EWVL/Bo7Rz9uurpqw6SiBCefUbCGA==",
			"dev": true,
			"dependencies": {
				"@jest/types": "^29.6.3",
				"@types/node": "*",
				"chalk": "^4.0.0",
				"ci-info": "^3.2.0",
				"graceful-fs": "^4.2.9",
				"picomatch": "^2.2.3"
			},
			"engines": {
				"node": "^14.15.0 || ^16.10.0 || >=18.0.0"
			}
		},
		"node_modules/js-tokens": {
			"version": "4.0.0",
			"resolved": "https://registry.npmjs.org/js-tokens/-/js-tokens-4.0.0.tgz",
			"integrity": "sha512-RdJUflcE3cUzKiMqQgsCu06FPu9UdIJO0beYbPhHN4k6apgJtifcoCtT9bcxOpYBtpD2kCM6Sbzg4CausW/PKQ==",
			"dev": true
		},
		"node_modules/mdast-util-to-hast": {
			"version": "13.2.0",
			"resolved": "https://registry.npmjs.org/mdast-util-to-hast/-/mdast-util-to-hast-13.2.0.tgz",
			"integrity": "sha512-QGYKEuUsYT9ykKBCMOEDLsU5JRObWQusAolFMeko/tYPufNkRffBAQjIE+99jbA87xv6FgmjLtwjh9wBWajwAA==",
			"dev": true,
			"license": "MIT",
			"dependencies": {
				"@types/hast": "^3.0.0",
				"@types/mdast": "^4.0.0",
				"@ungap/structured-clone": "^1.0.0",
				"devlop": "^1.0.0",
				"micromark-util-sanitize-uri": "^2.0.0",
				"trim-lines": "^3.0.0",
				"unist-util-position": "^5.0.0",
				"unist-util-visit": "^5.0.0",
				"vfile": "^6.0.0"
			},
			"funding": {
				"type": "opencollective",
				"url": "https://opencollective.com/unified"
			}
		},
		"node_modules/micromark-util-character": {
			"version": "2.1.1",
			"resolved": "https://registry.npmjs.org/micromark-util-character/-/micromark-util-character-2.1.1.tgz",
			"integrity": "sha512-wv8tdUTJ3thSFFFJKtpYKOYiGP2+v96Hvk4Tu8KpCAsTMs6yi+nVmGh1syvSCsaxz45J6Jbw+9DD6g97+NV67Q==",
			"dev": true,
			"funding": [
				{
					"type": "GitHub Sponsors",
					"url": "https://github.com/sponsors/unifiedjs"
				},
				{
					"type": "OpenCollective",
					"url": "https://opencollective.com/unified"
				}
			],
			"license": "MIT",
			"dependencies": {
				"micromark-util-symbol": "^2.0.0",
				"micromark-util-types": "^2.0.0"
			}
		},
		"node_modules/micromark-util-encode": {
			"version": "2.0.1",
			"resolved": "https://registry.npmjs.org/micromark-util-encode/-/micromark-util-encode-2.0.1.tgz",
			"integrity": "sha512-c3cVx2y4KqUnwopcO9b/SCdo2O67LwJJ/UyqGfbigahfegL9myoEFoDYZgkT7f36T0bLrM9hZTAaAyH+PCAXjw==",
			"dev": true,
			"funding": [
				{
					"type": "GitHub Sponsors",
					"url": "https://github.com/sponsors/unifiedjs"
				},
				{
					"type": "OpenCollective",
					"url": "https://opencollective.com/unified"
				}
			],
			"license": "MIT"
		},
		"node_modules/micromark-util-sanitize-uri": {
			"version": "2.0.1",
			"resolved": "https://registry.npmjs.org/micromark-util-sanitize-uri/-/micromark-util-sanitize-uri-2.0.1.tgz",
			"integrity": "sha512-9N9IomZ/YuGGZZmQec1MbgxtlgougxTodVwDzzEouPKo3qFWvymFHWcnDi2vzV1ff6kas9ucW+o3yzJK9YB1AQ==",
			"dev": true,
			"funding": [
				{
					"type": "GitHub Sponsors",
					"url": "https://github.com/sponsors/unifiedjs"
				},
				{
					"type": "OpenCollective",
					"url": "https://opencollective.com/unified"
				}
			],
			"license": "MIT",
			"dependencies": {
				"micromark-util-character": "^2.0.0",
				"micromark-util-encode": "^2.0.0",
				"micromark-util-symbol": "^2.0.0"
			}
		},
		"node_modules/micromark-util-symbol": {
			"version": "2.0.1",
			"resolved": "https://registry.npmjs.org/micromark-util-symbol/-/micromark-util-symbol-2.0.1.tgz",
			"integrity": "sha512-vs5t8Apaud9N28kgCrRUdEed4UJ+wWNvicHLPxCa9ENlYuAY31M0ETy5y1vA33YoNPDFTghEbnh6efaE8h4x0Q==",
			"dev": true,
			"funding": [
				{
					"type": "GitHub Sponsors",
					"url": "https://github.com/sponsors/unifiedjs"
				},
				{
					"type": "OpenCollective",
					"url": "https://opencollective.com/unified"
				}
			],
			"license": "MIT"
		},
		"node_modules/micromark-util-types": {
			"version": "2.0.1",
			"resolved": "https://registry.npmjs.org/micromark-util-types/-/micromark-util-types-2.0.1.tgz",
			"integrity": "sha512-534m2WhVTddrcKVepwmVEVnUAmtrx9bfIjNoQHRqfnvdaHQiFytEhJoTgpWJvDEXCO5gLTQh3wYC1PgOJA4NSQ==",
			"dev": true,
			"funding": [
				{
					"type": "GitHub Sponsors",
					"url": "https://github.com/sponsors/unifiedjs"
				},
				{
					"type": "OpenCollective",
					"url": "https://opencollective.com/unified"
				}
			],
			"license": "MIT"
		},
		"node_modules/micromatch": {
			"version": "4.0.5",
			"resolved": "https://registry.npmjs.org/micromatch/-/micromatch-4.0.5.tgz",
			"integrity": "sha512-DMy+ERcEW2q8Z2Po+WNXuw3c5YaUSFjAO5GsJqfEl7UjvtIuFKO6ZrKvcItdy98dwFI2N1tg3zNIdKaQT+aNdA==",
			"dev": true,
			"dependencies": {
				"braces": "^3.0.2",
				"picomatch": "^2.3.1"
			},
			"engines": {
				"node": ">=8.6"
			}
		},
		"node_modules/oniguruma-to-es": {
			"version": "0.8.1",
			"resolved": "https://registry.npmjs.org/oniguruma-to-es/-/oniguruma-to-es-0.8.1.tgz",
			"integrity": "sha512-dekySTEvCxCj0IgKcA2uUCO/e4ArsqpucDPcX26w9ajx+DvMWLc5eZeJaRQkd7oC/+rwif5gnT900tA34uN9Zw==",
			"dev": true,
			"license": "MIT",
			"dependencies": {
				"emoji-regex-xs": "^1.0.0",
				"regex": "^5.0.2",
				"regex-recursion": "^5.0.0"
			}
		},
		"node_modules/oxlint": {
			"version": "0.16.0",
			"resolved": "https://registry.npmjs.org/oxlint/-/oxlint-0.16.0.tgz",
			"integrity": "sha512-Kx3ehMy+F0sIvg8PPKB967SB7cjjj98vxVOpQaAfKFIYrQFkM10usb3aQKqk1HXYivMvs6axdZM1sLq2fvjbKw==",
			"dev": true,
			"license": "MIT",
			"bin": {
				"oxc_language_server": "bin/oxc_language_server",
				"oxlint": "bin/oxlint"
			},
			"engines": {
				"node": ">=8.*"
			},
			"funding": {
				"url": "https://github.com/sponsors/Boshen"
			},
			"optionalDependencies": {
				"@oxlint/darwin-arm64": "0.16.0",
				"@oxlint/darwin-x64": "0.16.0",
				"@oxlint/linux-arm64-gnu": "0.16.0",
				"@oxlint/linux-arm64-musl": "0.16.0",
				"@oxlint/linux-x64-gnu": "0.16.0",
				"@oxlint/linux-x64-musl": "0.16.0",
				"@oxlint/win32-arm64": "0.16.0",
				"@oxlint/win32-x64": "0.16.0"
			}
		},
		"node_modules/picocolors": {
			"version": "1.0.0",
			"resolved": "https://registry.npmjs.org/picocolors/-/picocolors-1.0.0.tgz",
			"integrity": "sha512-1fygroTLlHu66zi26VoTDv8yRgm0Fccecssto+MhsZ0D/DGW2sm8E8AjW7NU5VVTRt5GxbeZ5qBuJr+HyLYkjQ==",
			"dev": true
		},
		"node_modules/picomatch": {
			"version": "2.3.1",
			"resolved": "https://registry.npmjs.org/picomatch/-/picomatch-2.3.1.tgz",
			"integrity": "sha512-JU3teHTNjmE2VCGFzuY8EXzCDVwEqB2a8fsIvwaStHhAWJEeVd1o1QD80CU6+ZdEXXSLbSsuLwJjkCBWqRQUVA==",
			"dev": true,
			"engines": {
				"node": ">=8.6"
			},
			"funding": {
				"url": "https://github.com/sponsors/jonschlinkert"
			}
		},
		"node_modules/pretty-format": {
			"version": "29.7.0",
			"resolved": "https://registry.npmjs.org/pretty-format/-/pretty-format-29.7.0.tgz",
			"integrity": "sha512-Pdlw/oPxN+aXdmM9R00JVC9WVFoCLTKJvDVLgmJ+qAffBMxsV85l/Lu7sNx4zSzPyoL2euImuEwHhOXdEgNFZQ==",
			"dev": true,
			"dependencies": {
				"@jest/schemas": "^29.6.3",
				"ansi-styles": "^5.0.0",
				"react-is": "^18.0.0"
			},
			"engines": {
				"node": "^14.15.0 || ^16.10.0 || >=18.0.0"
			}
		},
		"node_modules/pretty-format/node_modules/ansi-styles": {
			"version": "5.2.0",
			"resolved": "https://registry.npmjs.org/ansi-styles/-/ansi-styles-5.2.0.tgz",
			"integrity": "sha512-Cxwpt2SfTzTtXcfOlzGEee8O+c+MmUgGrNiBcXnuWxuFJHe6a5Hz7qwhwe5OgaSYI0IJvkLqWX1ASG+cJOkEiA==",
			"dev": true,
			"engines": {
				"node": ">=10"
			},
			"funding": {
				"url": "https://github.com/chalk/ansi-styles?sponsor=1"
			}
		},
		"node_modules/property-information": {
			"version": "6.5.0",
			"resolved": "https://registry.npmjs.org/property-information/-/property-information-6.5.0.tgz",
			"integrity": "sha512-PgTgs/BlvHxOu8QuEN7wi5A0OmXaBcHpmCSTehcs6Uuu9IkDIEo13Hy7n898RHfrQ49vKCoGeWZSaAK01nwVig==",
			"dev": true,
			"license": "MIT",
			"funding": {
				"type": "github",
				"url": "https://github.com/sponsors/wooorm"
			}
		},
		"node_modules/react-is": {
			"version": "18.2.0",
			"resolved": "https://registry.npmjs.org/react-is/-/react-is-18.2.0.tgz",
			"integrity": "sha512-xWGDIW6x921xtzPkhiULtthJHoJvBbF3q26fzloPCK0hsvxtPVelvftw3zjbHWSkR2km9Z+4uxbDDK/6Zw9B8w==",
			"dev": true
		},
		"node_modules/regex": {
			"version": "5.0.2",
			"resolved": "https://registry.npmjs.org/regex/-/regex-5.0.2.tgz",
			"integrity": "sha512-/pczGbKIQgfTMRV0XjABvc5RzLqQmwqxLHdQao2RTXPk+pmTXB2P0IaUHYdYyk412YLwUIkaeMd5T+RzVgTqnQ==",
			"dev": true,
			"license": "MIT",
			"dependencies": {
				"regex-utilities": "^2.3.0"
			}
		},
		"node_modules/regex-recursion": {
			"version": "5.0.0",
			"resolved": "https://registry.npmjs.org/regex-recursion/-/regex-recursion-5.0.0.tgz",
			"integrity": "sha512-UwyOqeobrCCqTXPcsSqH4gDhOjD5cI/b8kjngWgSZbxYh5yVjAwTjO5+hAuPRNiuR70+5RlWSs+U9PVcVcW9Lw==",
			"dev": true,
			"license": "MIT",
			"dependencies": {
				"regex-utilities": "^2.3.0"
			}
		},
		"node_modules/regex-utilities": {
			"version": "2.3.0",
			"resolved": "https://registry.npmjs.org/regex-utilities/-/regex-utilities-2.3.0.tgz",
			"integrity": "sha512-8VhliFJAWRaUiVvREIiW2NXXTmHs4vMNnSzuJVhscgmGav3g9VDxLrQndI3dZZVVdp0ZO/5v0xmX516/7M9cng==",
			"dev": true,
			"license": "MIT"
		},
		"node_modules/shiki": {
			"version": "1.24.4",
			"resolved": "https://registry.npmjs.org/shiki/-/shiki-1.24.4.tgz",
			"integrity": "sha512-aVGSFAOAr1v26Hh/+GBIsRVDWJ583XYV7CuNURKRWh9gpGv4OdbisZGq96B9arMYTZhTQkmRF5BrShOSTvNqhw==",
			"dev": true,
			"license": "MIT",
			"dependencies": {
				"@shikijs/core": "1.24.4",
				"@shikijs/engine-javascript": "1.24.4",
				"@shikijs/engine-oniguruma": "1.24.4",
				"@shikijs/types": "1.24.4",
				"@shikijs/vscode-textmate": "^9.3.1",
				"@types/hast": "^3.0.4"
			}
		},
		"node_modules/slash": {
			"version": "3.0.0",
			"resolved": "https://registry.npmjs.org/slash/-/slash-3.0.0.tgz",
			"integrity": "sha512-g9Q1haeby36OSStwb4ntCGGGaKsaVSjQ68fBxoQcutl5fS1vuY18H3wSt3jFyFtrkx+Kz0V1G85A4MyAdDMi2Q==",
			"dev": true,
			"engines": {
				"node": ">=8"
			}
		},
		"node_modules/space-separated-tokens": {
			"version": "2.0.2",
			"resolved": "https://registry.npmjs.org/space-separated-tokens/-/space-separated-tokens-2.0.2.tgz",
			"integrity": "sha512-PEGlAwrG8yXGXRjW32fGbg66JAlOAwbObuqVoJpv/mRgoWDQfgH1wDPvtzWyUSNAXBGSk8h755YDbbcEy3SH2Q==",
			"dev": true,
			"license": "MIT",
			"funding": {
				"type": "github",
				"url": "https://github.com/sponsors/wooorm"
			}
		},
		"node_modules/stack-utils": {
			"version": "2.0.6",
			"resolved": "https://registry.npmjs.org/stack-utils/-/stack-utils-2.0.6.tgz",
			"integrity": "sha512-XlkWvfIm6RmsWtNJx+uqtKLS8eqFbxUg0ZzLXqY0caEy9l7hruX8IpiDnjsLavoBgqCCR71TqWO8MaXYheJ3RQ==",
			"dev": true,
			"dependencies": {
				"escape-string-regexp": "^2.0.0"
			},
			"engines": {
				"node": ">=10"
			}
		},
		"node_modules/stringify-entities": {
			"version": "4.0.4",
			"resolved": "https://registry.npmjs.org/stringify-entities/-/stringify-entities-4.0.4.tgz",
			"integrity": "sha512-IwfBptatlO+QCJUo19AqvrPNqlVMpW9YEL2LIVY+Rpv2qsjCGxaDLNRgeGsQWJhfItebuJhsGSLjaBbNSQ+ieg==",
			"dev": true,
			"license": "MIT",
			"dependencies": {
				"character-entities-html4": "^2.0.0",
				"character-entities-legacy": "^3.0.0"
			},
			"funding": {
				"type": "github",
				"url": "https://github.com/sponsors/wooorm"
			}
		},
		"node_modules/supports-color": {
			"version": "7.2.0",
			"resolved": "https://registry.npmjs.org/supports-color/-/supports-color-7.2.0.tgz",
			"integrity": "sha512-qpCAvRl9stuOHveKsn7HncJRvv501qIacKzQlO/+Lwxc9+0q2wLyv4Dfvt80/DPn2pqOBsJdDiogXGR9+OvwRw==",
			"dev": true,
			"dependencies": {
				"has-flag": "^4.0.0"
			},
			"engines": {
				"node": ">=8"
			}
		},
		"node_modules/to-regex-range": {
			"version": "5.0.1",
			"resolved": "https://registry.npmjs.org/to-regex-range/-/to-regex-range-5.0.1.tgz",
			"integrity": "sha512-65P7iz6X5yEr1cwcgvQxbbIw7Uk3gOy5dIdtZ4rDveLqhrdJP+Li/Hx6tyK0NEb+2GCyneCMJiGqrADCSNk8sQ==",
			"dev": true,
			"dependencies": {
				"is-number": "^7.0.0"
			},
			"engines": {
				"node": ">=8.0"
			}
		},
		"node_modules/trim-lines": {
			"version": "3.0.1",
			"resolved": "https://registry.npmjs.org/trim-lines/-/trim-lines-3.0.1.tgz",
			"integrity": "sha512-kRj8B+YHZCc9kQYdWfJB2/oUl9rA99qbowYYBtr4ui4mZyAQ2JpvVBd/6U2YloATfqBhBTSMhTpgBHtU0Mf3Rg==",
			"dev": true,
			"license": "MIT",
			"funding": {
				"type": "github",
				"url": "https://github.com/sponsors/wooorm"
			}
		},
		"node_modules/typescript": {
			"version": "5.7.2",
			"resolved": "https://registry.npmjs.org/typescript/-/typescript-5.7.2.tgz",
			"integrity": "sha512-i5t66RHxDvVN40HfDd1PsEThGNnlMCMT3jMUuoh9/0TaqWevNontacunWyN02LA9/fIbEWlcHZcgTKb9QoaLfg==",
			"dev": true,
			"license": "Apache-2.0",
			"bin": {
				"tsc": "bin/tsc",
				"tsserver": "bin/tsserver"
			},
			"engines": {
				"node": ">=14.17"
			}
		},
		"node_modules/undici-types": {
			"version": "5.26.5",
			"resolved": "https://registry.npmjs.org/undici-types/-/undici-types-5.26.5.tgz",
			"integrity": "sha512-JlCMO+ehdEIKqlFxk6IfVoAUVmgz7cU7zD/h9XZ0qzeosSHmUJVOzSQvvYSYWXkFXC+IfLKSIffhv0sVZup6pA==",
			"dev": true
		},
		"node_modules/unist-util-is": {
			"version": "6.0.0",
			"resolved": "https://registry.npmjs.org/unist-util-is/-/unist-util-is-6.0.0.tgz",
			"integrity": "sha512-2qCTHimwdxLfz+YzdGfkqNlH0tLi9xjTnHddPmJwtIG9MGsdbutfTc4P+haPD7l7Cjxf/WZj+we5qfVPvvxfYw==",
			"dev": true,
			"license": "MIT",
			"dependencies": {
				"@types/unist": "^3.0.0"
			},
			"funding": {
				"type": "opencollective",
				"url": "https://opencollective.com/unified"
			}
		},
		"node_modules/unist-util-position": {
			"version": "5.0.0",
			"resolved": "https://registry.npmjs.org/unist-util-position/-/unist-util-position-5.0.0.tgz",
			"integrity": "sha512-fucsC7HjXvkB5R3kTCO7kUjRdrS0BJt3M/FPxmHMBOm8JQi2BsHAHFsy27E0EolP8rp0NzXsJ+jNPyDWvOJZPA==",
			"dev": true,
			"license": "MIT",
			"dependencies": {
				"@types/unist": "^3.0.0"
			},
			"funding": {
				"type": "opencollective",
				"url": "https://opencollective.com/unified"
			}
		},
		"node_modules/unist-util-stringify-position": {
			"version": "4.0.0",
			"resolved": "https://registry.npmjs.org/unist-util-stringify-position/-/unist-util-stringify-position-4.0.0.tgz",
			"integrity": "sha512-0ASV06AAoKCDkS2+xw5RXJywruurpbC4JZSm7nr7MOt1ojAzvyyaO+UxZf18j8FCF6kmzCZKcAgN/yu2gm2XgQ==",
			"dev": true,
			"license": "MIT",
			"dependencies": {
				"@types/unist": "^3.0.0"
			},
			"funding": {
				"type": "opencollective",
				"url": "https://opencollective.com/unified"
			}
		},
		"node_modules/unist-util-visit": {
			"version": "5.0.0",
			"resolved": "https://registry.npmjs.org/unist-util-visit/-/unist-util-visit-5.0.0.tgz",
			"integrity": "sha512-MR04uvD+07cwl/yhVuVWAtw+3GOR/knlL55Nd/wAdblk27GCVt3lqpTivy/tkJcZoNPzTwS1Y+KMojlLDhoTzg==",
			"dev": true,
			"license": "MIT",
			"dependencies": {
				"@types/unist": "^3.0.0",
				"unist-util-is": "^6.0.0",
				"unist-util-visit-parents": "^6.0.0"
			},
			"funding": {
				"type": "opencollective",
				"url": "https://opencollective.com/unified"
			}
		},
		"node_modules/unist-util-visit-parents": {
			"version": "6.0.1",
			"resolved": "https://registry.npmjs.org/unist-util-visit-parents/-/unist-util-visit-parents-6.0.1.tgz",
			"integrity": "sha512-L/PqWzfTP9lzzEa6CKs0k2nARxTdZduw3zyh8d2NVBnsyvHjSX4TWse388YrrQKbvI8w20fGjGlhgT96WwKykw==",
			"dev": true,
			"license": "MIT",
			"dependencies": {
				"@types/unist": "^3.0.0",
				"unist-util-is": "^6.0.0"
			},
			"funding": {
				"type": "opencollective",
				"url": "https://opencollective.com/unified"
			}
		},
		"node_modules/vfile": {
			"version": "6.0.3",
			"resolved": "https://registry.npmjs.org/vfile/-/vfile-6.0.3.tgz",
			"integrity": "sha512-KzIbH/9tXat2u30jf+smMwFCsno4wHVdNmzFyL+T/L3UGqqk6JKfVqOFOZEpZSHADH1k40ab6NUIXZq422ov3Q==",
			"dev": true,
			"license": "MIT",
			"dependencies": {
				"@types/unist": "^3.0.0",
				"vfile-message": "^4.0.0"
			},
			"funding": {
				"type": "opencollective",
				"url": "https://opencollective.com/unified"
			}
		},
		"node_modules/vfile-message": {
			"version": "4.0.2",
			"resolved": "https://registry.npmjs.org/vfile-message/-/vfile-message-4.0.2.tgz",
			"integrity": "sha512-jRDZ1IMLttGj41KcZvlrYAaI3CfqpLpfpf+Mfig13viT6NKvRzWZ+lXz0Y5D60w6uJIBAOGq9mSHf0gktF0duw==",
			"dev": true,
			"license": "MIT",
			"dependencies": {
				"@types/unist": "^3.0.0",
				"unist-util-stringify-position": "^4.0.0"
			},
			"funding": {
				"type": "opencollective",
				"url": "https://opencollective.com/unified"
			}
		},
		"node_modules/zwitch": {
			"version": "2.0.4",
			"resolved": "https://registry.npmjs.org/zwitch/-/zwitch-2.0.4.tgz",
			"integrity": "sha512-bXE4cR/kVZhKZX/RjPEflHaKVhUVl85noU3v6b8apfQEc1x4A+zBxjZ4lN8LqGd6WZ3dl98pY4o717VFmoPp+A==",
			"dev": true,
			"license": "MIT",
			"funding": {
				"type": "github",
				"url": "https://github.com/sponsors/wooorm"
			}
		}
	}
}
